
Microsoft Visual Studio Solution File, Format Version 12.00
# Visual Studio Version 17
VisualStudioVersion = 17.3.32811.315
MinimumVisualStudioVersion = 10.0.40219.1
Project("{9A19103F-16F7-4668-BE54-9A1E7A4F7556}") = "RobotsExtended", "RobotsExtended.csproj", "{D69E8D8D-F0A3-40D6-B858-59D009798BE4}"
EndProject
Global
	GlobalSection(SolutionConfigurationPlatforms) = preSolution
		Debug|Any CPU = Debug|Any CPU
		Release|Any CPU = Release|Any CPU
	EndGlobalSection
	GlobalSection(ProjectConfigurationPlatforms) = postSolution
		{D69E8D8D-F0A3-40D6-B858-59D009798BE4}.Debug|Any CPU.ActiveCfg = Debug|Any CPU
		{D69E8D8D-F0A3-40D6-B858-59D009798BE4}.Debug|Any CPU.Build.0 = Debug|Any CPU
		{D69E8D8D-F0A3-40D6-B858-59D009798BE4}.Release|Any CPU.ActiveCfg = Release|Any CPU
		{D69E8D8D-F0A3-40D6-B858-59D009798BE4}.Release|Any CPU.Build.0 = Release|Any CPU
	EndGlobalSection
	GlobalSection(SolutionProperties) = preSolution
		HideSolutionNode = FALSE
	EndGlobalSection
	GlobalSection(ExtensibilityGlobals) = postSolution
		SolutionGuid = {E551D0D1-E092-4B07-9038-37731EE17B39}
	EndGlobalSection
EndGlobal
